
Microsoft Visual Studio Solution File, Format Version 12.00
# Visual Studio 2012
Project("{8BC9CEB8-8B4A-11D0-8D11-00A0C91BC942}") = "TestJump", "TestJump\TestJump.vcxproj", "{65244799-EB8C-4234-9E53-B93133256A0E}"
EndProject
Global
	GlobalSection(SolutionConfigurationPlatforms) = preSolution
		Debug|Win32 = Debug|Win32
		Release|Win32 = Release|Win32
	EndGlobalSection
	GlobalSection(ProjectConfigurationPlatforms) = postSolution
		{65244799-EB8C-4234-9E53-B93133256A0E}.Debug|Win32.ActiveCfg = Debug|Win32
		{65244799-EB8C-4234-9E53-B93133256A0E}.Debug|Win32.Build.0 = Debug|Win32
		{65244799-EB8C-4234-9E53-B93133256A0E}.Release|Win32.ActiveCfg = Release|Win32
		{65244799-EB8C-4234-9E53-B93133256A0E}.Release|Win32.Build.0 = Release|Win32
	EndGlobalSection
	GlobalSection(SolutionProperties) = preSolution
		HideSolutionNode = FALSE
	EndGlobalSection
EndGlobal
